Microsoft Visual Studio Solution File, Format Version 11.00
# Visual Studio 2008

Project("{493E35D3-2718-E05A-84B2-39D43F5E6637}") = "ExampleDemo1", "Assembly-CSharp-firstpass.csproj", "{B9513668-C29D-EC3B-C1DC-50CFA15FEB41}"
EndProject
Project("{493E35D3-2718-E05A-84B2-39D43F5E6637}") = "ExampleDemo1", "Assembly-CSharp.csproj", "{2948409C-3970-76F8-0F64-7A77200C2920}"
EndProject
Project("{493E35D3-2718-E05A-84B2-39D43F5E6637}") = "ExampleDemo1", "Assembly-UnityScript-firstpass.unityproj", "{69A4964D-B4C1-973D-7B11-CA39E4570945}"
EndProject
Global
	GlobalSection(SolutionConfigurationPlatforms) = preSolution
		Debug|Any CPU = Debug|Any CPU
		Release|Any CPU = Release|Any CPU
	EndGlobalSection
	GlobalSection(ProjectConfigurationPlatforms) = postSolution
		{B9513668-C29D-EC3B-C1DC-50CFA15FEB41}.Debug|Any CPU.ActiveCfg = Debug|Any CPU
		{B9513668-C29D-EC3B-C1DC-50CFA15FEB41}.Debug|Any CPU.Build.0 = Debug|Any CPU
		{B9513668-C29D-EC3B-C1DC-50CFA15FEB41}.Release|Any CPU.ActiveCfg = Release|Any CPU
		{B9513668-C29D-EC3B-C1DC-50CFA15FEB41}.Release|Any CPU.Build.0 = Release|Any CPU
		{2948409C-3970-76F8-0F64-7A77200C2920}.Debug|Any CPU.ActiveCfg = Debug|Any CPU
		{2948409C-3970-76F8-0F64-7A77200C2920}.Debug|Any CPU.Build.0 = Debug|Any CPU
		{2948409C-3970-76F8-0F64-7A77200C2920}.Release|Any CPU.ActiveCfg = Release|Any CPU
		{2948409C-3970-76F8-0F64-7A77200C2920}.Release|Any CPU.Build.0 = Release|Any CPU
		{69A4964D-B4C1-973D-7B11-CA39E4570945}.Debug|Any CPU.ActiveCfg = Debug|Any CPU
		{69A4964D-B4C1-973D-7B11-CA39E4570945}.Debug|Any CPU.Build.0 = Debug|Any CPU
		{69A4964D-B4C1-973D-7B11-CA39E4570945}.Release|Any CPU.ActiveCfg = Release|Any CPU
		{69A4964D-B4C1-973D-7B11-CA39E4570945}.Release|Any CPU.Build.0 = Release|Any CPU
	EndGlobalSection
	GlobalSection(SolutionProperties) = preSolution
		HideSolutionNode = FALSE
	EndGlobalSection
											GlobalSection(MonoDevelopProperties) = preSolution
		StartupItem = Assembly-CSharp.csproj
		Policies = $0
		$0.TextStylePolicy = $1
		$1.inheritsSet = null
		$1.scope = text/x-csharp
		$0.CSharpFormattingPolicy = $2
		$2.inheritsSet = Mono
		$2.inheritsScope = text/x-csharp
		$2.scope = text/x-csharp
		$0.TextStylePolicy = $3
		$3.FileWidth = 120
		$3.TabWidth = 4
		$3.EolMarker = Unix
		$3.inheritsSet = Mono
		$3.inheritsScope = text/plain
		$3.scope = text/plain
	EndGlobalSection

EndGlobal
